
Microsoft Visual Studio Solution File, Format Version 12.00
# Visual Studio Version 16
VisualStudioVersion = 16.0.31702.278
MinimumVisualStudioVersion = 10.0.40219.1
Project("{FAE04EC0-301F-11D3-BF4B-00C04F79EFBC}") = "StarTrekNut.Utils", "StarTrekNut.Utils\StarTrekNut.Utils.csproj", "{F4A7B037-082E-45EE-9FF9-E9FAA16B5210}"
EndProject
Project("{FAE04EC0-301F-11D3-BF4B-00C04F79EFBC}") = "StarTrekNut.VoiceCom.Lib", "StarTrekNut.VoiceCom.Lib\StarTrekNut.VoiceCom.Lib.csproj", "{0E7ECA95-3AA7-4CAB-BE76-9D8714FC7E80}"
EndProject
Project("{FAE04EC0-301F-11D3-BF4B-00C04F79EFBC}") = "StarTrekNut.VoiceCom.UI", "StarTrekNut.VoiceCom.UI\StarTrekNut.VoiceCom.UI.csproj", "{86FC049F-989F-4867-8890-A5B46117B59C}"
EndProject
Project("{2150E333-8FDC-42A3-9474-1A3956D46DE8}") = "Solution Items", "Solution Items", "{D45AC19A-0BD2-442D-BB2A-420899B828D6}"
	ProjectSection(SolutionItems) = preProject
		ScreenShots\LogTab.png = ScreenShots\LogTab.png
		ScreenShots\OptionsTab.png = ScreenShots\OptionsTab.png
		ScreenShots\ProfilesTab.png = ScreenShots\ProfilesTab.png
		ScreenShots\ProfileTab_WOW.png = ScreenShots\ProfileTab_WOW.png
		Readme.md = Readme.md
		ScreenShots\StatusBar.png = ScreenShots\StatusBar.png
	EndProjectSection
EndProject
Project("{54435603-DBB4-11D2-8724-00A0C9A8B90C}") = "StarTrekNut.Setup", "StarTrekNut.Setup\StarTrekNut.Setup.vdproj", "{7FA7EF9D-738A-4807-AEEF-7AE3C26B5574}"
EndProject
Global
	GlobalSection(SolutionConfigurationPlatforms) = preSolution
		Debug|Any CPU = Debug|Any CPU
		Release|Any CPU = Release|Any CPU
	EndGlobalSection
	GlobalSection(ProjectConfigurationPlatforms) = postSolution
		{F4A7B037-082E-45EE-9FF9-E9FAA16B5210}.Debug|Any CPU.ActiveCfg = Debug|Any CPU
		{F4A7B037-082E-45EE-9FF9-E9FAA16B5210}.Debug|Any CPU.Build.0 = Debug|Any CPU
		{F4A7B037-082E-45EE-9FF9-E9FAA16B5210}.Release|Any CPU.ActiveCfg = Release|Any CPU
		{F4A7B037-082E-45EE-9FF9-E9FAA16B5210}.Release|Any CPU.Build.0 = Release|Any CPU
		{0E7ECA95-3AA7-4CAB-BE76-9D8714FC7E80}.Debug|Any CPU.ActiveCfg = Debug|Any CPU
		{0E7ECA95-3AA7-4CAB-BE76-9D8714FC7E80}.Debug|Any CPU.Build.0 = Debug|Any CPU
		{0E7ECA95-3AA7-4CAB-BE76-9D8714FC7E80}.Release|Any CPU.ActiveCfg = Release|Any CPU
		{0E7ECA95-3AA7-4CAB-BE76-9D8714FC7E80}.Release|Any CPU.Build.0 = Release|Any CPU
		{86FC049F-989F-4867-8890-A5B46117B59C}.Debug|Any CPU.ActiveCfg = Debug|Any CPU
		{86FC049F-989F-4867-8890-A5B46117B59C}.Debug|Any CPU.Build.0 = Debug|Any CPU
		{86FC049F-989F-4867-8890-A5B46117B59C}.Release|Any CPU.ActiveCfg = Release|Any CPU
		{86FC049F-989F-4867-8890-A5B46117B59C}.Release|Any CPU.Build.0 = Release|Any CPU
		{7FA7EF9D-738A-4807-AEEF-7AE3C26B5574}.Debug|Any CPU.ActiveCfg = Debug
		{7FA7EF9D-738A-4807-AEEF-7AE3C26B5574}.Release|Any CPU.ActiveCfg = Release
	EndGlobalSection
	GlobalSection(SolutionProperties) = preSolution
		HideSolutionNode = FALSE
	EndGlobalSection
	GlobalSection(ExtensibilityGlobals) = postSolution
		SolutionGuid = {3A8140AA-6713-40C9-A690-1E30209A0EEA}
	EndGlobalSection
EndGlobal
